
Microsoft Visual Studio Solution File, Format Version 12.00
# Visual Studio Version 16
VisualStudioVersion = 16.0.31829.152
MinimumVisualStudioVersion = 10.0.40219.1
Project("{FAE04EC0-301F-11D3-BF4B-00C04F79EFBC}") = "Anniverse", "Anniverse\Anniverse.csproj", "{23B58AB7-7186-46C0-8859-EA37969FA6BE}"
EndProject
Global
	GlobalSection(SolutionConfigurationPlatforms) = preSolution
		Debug|Any CPU = Debug|Any CPU
		Release|Any CPU = Release|Any CPU
	EndGlobalSection
	GlobalSection(ProjectConfigurationPlatforms) = postSolution
		{23B58AB7-7186-46C0-8859-EA37969FA6BE}.Debug|Any CPU.ActiveCfg = Debug|Any CPU
		{23B58AB7-7186-46C0-8859-EA37969FA6BE}.Debug|Any CPU.Build.0 = Debug|Any CPU
		{23B58AB7-7186-46C0-8859-EA37969FA6BE}.Release|Any CPU.ActiveCfg = Release|Any CPU
		{23B58AB7-7186-46C0-8859-EA37969FA6BE}.Release|Any CPU.Build.0 = Release|Any CPU
	EndGlobalSection
	GlobalSection(SolutionProperties) = preSolution
		HideSolutionNode = FALSE
	EndGlobalSection
	GlobalSection(ExtensibilityGlobals) = postSolution
		SolutionGuid = {C7A8A655-9E74-4200-AAE1-1D4FB0DFAB33}
	EndGlobalSection
EndGlobal
